// !$*UTF8*$!
{
	archiveVersion = 1;
	classes = {
	};
	objectVersion = 46;
	objects = {

/* Begin PBXBuildFile section */
		AA1239B01EB74248001A7915 /* PlaylistsFlow.swift in Sources */ = {isa = PBXBuildFile; fileRef = AA1239AF1EB74248001A7915 /* PlaylistsFlow.swift */; };
		AA1239B21EB74255001A7915 /* PlaylistsViewController.swift in Sources */ = {isa = PBXBuildFile; fileRef = AA1239B11EB74255001A7915 /* PlaylistsViewController.swift */; };
		AA1239B41EB74261001A7915 /* PlaylistsViewModel.swift in Sources */ = {isa = PBXBuildFile; fileRef = AA1239B31EB74261001A7915 /* PlaylistsViewModel.swift */; };
		AA1239B81EB74284001A7915 /* PlaylistPresentationItem.swift in Sources */ = {isa = PBXBuildFile; fileRef = AA1239B71EB74284001A7915 /* PlaylistPresentationItem.swift */; };
		AA1239BA1EB7429A001A7915 /* PlaylistTableViewCell.swift in Sources */ = {isa = PBXBuildFile; fileRef = AA1239B91EB7429A001A7915 /* PlaylistTableViewCell.swift */; };
		AA1239BC1EB74858001A7915 /* PlaylistsRoute.swift in Sources */ = {isa = PBXBuildFile; fileRef = AA1239BB1EB74858001A7915 /* PlaylistsRoute.swift */; };
		AA1876E71EE72E1700FB5735 /* TopArtistsFeature.swift in Sources */ = {isa = PBXBuildFile; fileRef = AA1876E61EE72E1700FB5735 /* TopArtistsFeature.swift */; };
		AA1877581EE72FE800FB5735 /* FeatureTopArtists.framework in Frameworks */ = {isa = PBXBuildFile; fileRef = AA18773F1EE72F0D00FB5735 /* FeatureTopArtists.framework */; };
		AA1877591EE72FE800FB5735 /* FeatureTopArtists.framework in Embed Frameworks */ = {isa = PBXBuildFile; fileRef = AA18773F1EE72F0D00FB5735 /* FeatureTopArtists.framework */; settings = {ATTRIBUTES = (CodeSignOnCopy, RemoveHeadersOnCopy, ); }; };
		AA1877891EE730E700FB5735 /* FeatureAlbums.framework in Frameworks */ = {isa = PBXBuildFile; fileRef = AA1877861EE7309E00FB5735 /* FeatureAlbums.framework */; };
		AA18778A1EE730E700FB5735 /* FeatureAlbums.framework in Embed Frameworks */ = {isa = PBXBuildFile; fileRef = AA1877861EE7309E00FB5735 /* FeatureAlbums.framework */; settings = {ATTRIBUTES = (CodeSignOnCopy, RemoveHeadersOnCopy, ); }; };
		AA1877A21EE738A100FB5735 /* AlbumsFeature.swift in Sources */ = {isa = PBXBuildFile; fileRef = AA1877A11EE738A100FB5735 /* AlbumsFeature.swift */; };
		AA4E286F1E8C13B200A2F9C0 /* NavigationServiceFactory.swift in Sources */ = {isa = PBXBuildFile; fileRef = AA4E286E1E8C13B200A2F9C0 /* NavigationServiceFactory.swift */; };
		AA4E28721E8C25AC00A2F9C0 /* Navigation.swift in Sources */ = {isa = PBXBuildFile; fileRef = AA4E28711E8C25AC00A2F9C0 /* Navigation.swift */; };
		AA4E28741E8C2A8F00A2F9C0 /* NavigationServiceType.swift in Sources */ = {isa = PBXBuildFile; fileRef = AA4E28731E8C2A8F00A2F9C0 /* NavigationServiceType.swift */; };
		AA677DF21E7D6FDC00F7C680 /* TopArtistsViewController.swift in Sources */ = {isa = PBXBuildFile; fileRef = AA677DF11E7D6FDC00F7C680 /* TopArtistsViewController.swift */; };
		AA677DF41E7D706300F7C680 /* TopArtistTableViewCell.swift in Sources */ = {isa = PBXBuildFile; fileRef = AA677DF31E7D706300F7C680 /* TopArtistTableViewCell.swift */; };
		AA677DF61E7D707C00F7C680 /* TopArtistsViewModel.swift in Sources */ = {isa = PBXBuildFile; fileRef = AA677DF51E7D707C00F7C680 /* TopArtistsViewModel.swift */; };
		AA677DF81E7D709D00F7C680 /* TopArtistsFlow.swift in Sources */ = {isa = PBXBuildFile; fileRef = AA677DF71E7D709C00F7C680 /* TopArtistsFlow.swift */; };
		AA677DFA1E7D75B000F7C680 /* TopArtistPresentationItem.swift in Sources */ = {isa = PBXBuildFile; fileRef = AA677DF91E7D75B000F7C680 /* TopArtistPresentationItem.swift */; };
		AA677E061E7D763B00F7C680 /* MusServices.framework in Frameworks */ = {isa = PBXBuildFile; fileRef = AA677E011E7D760D00F7C680 /* MusServices.framework */; };
		AA677E271E7D79DB00F7C680 /* MusToolkit.framework in Frameworks */ = {isa = PBXBuildFile; fileRef = AA677E241E7D79CB00F7C680 /* MusToolkit.framework */; };
		AA677E3F1E7D8C3800F7C680 /* AlbumsFlow.swift in Sources */ = {isa = PBXBuildFile; fileRef = AA677E3E1E7D8C3800F7C680 /* AlbumsFlow.swift */; };
		AA677E411E7D8C8900F7C680 /* AlbumsViewModel.swift in Sources */ = {isa = PBXBuildFile; fileRef = AA677E401E7D8C8900F7C680 /* AlbumsViewModel.swift */; };
		AA677E431E7D8CA900F7C680 /* AlbumsViewController.swift in Sources */ = {isa = PBXBuildFile; fileRef = AA677E421E7D8CA900F7C680 /* AlbumsViewController.swift */; };
		AA677E451E7D8CCC00F7C680 /* AlbumTableViewCell.swift in Sources */ = {isa = PBXBuildFile; fileRef = AA677E441E7D8CCC00F7C680 /* AlbumTableViewCell.swift */; };
		AA677E471E7D8CDD00F7C680 /* AlbumPresentationItem.swift in Sources */ = {isa = PBXBuildFile; fileRef = AA677E461E7D8CDD00F7C680 /* AlbumPresentationItem.swift */; };
		AA677E491E7D929100F7C680 /* SongsFlow.swift in Sources */ = {isa = PBXBuildFile; fileRef = AA677E481E7D929100F7C680 /* SongsFlow.swift */; };
		AA677E4B1E7D935300F7C680 /* SongsViewController.swift in Sources */ = {isa = PBXBuildFile; fileRef = AA677E4A1E7D935300F7C680 /* SongsViewController.swift */; };
		AA677E4D1E7D935F00F7C680 /* SongsViewModel.swift in Sources */ = {isa = PBXBuildFile; fileRef = AA677E4C1E7D935F00F7C680 /* SongsViewModel.swift */; };
		AA677E4F1E7D937000F7C680 /* SongTableViewCell.swift in Sources */ = {isa = PBXBuildFile; fileRef = AA677E4E1E7D937000F7C680 /* SongTableViewCell.swift */; };
		AA677E511E7D937B00F7C680 /* SongPresentationItem.swift in Sources */ = {isa = PBXBuildFile; fileRef = AA677E501E7D937B00F7C680 /* SongPresentationItem.swift */; };
		AA7167F41E843747009C9F93 /* NavigationService.swift in Sources */ = {isa = PBXBuildFile; fileRef = AA7167F31E843747009C9F93 /* NavigationService.swift */; };
		AA7167F61E84395B009C9F93 /* AlbumsRoute.swift in Sources */ = {isa = PBXBuildFile; fileRef = AA7167F51E84395B009C9F93 /* AlbumsRoute.swift */; };
		AA7167F81E84396A009C9F93 /* SongsRoute.swift in Sources */ = {isa = PBXBuildFile; fileRef = AA7167F71E84396A009C9F93 /* SongsRoute.swift */; };
		AA72107C1E7D3E0E005C5E62 /* AppDelegate.swift in Sources */ = {isa = PBXBuildFile; fileRef = AA72107B1E7D3E0E005C5E62 /* AppDelegate.swift */; };
		AA7210811E7D3E0E005C5E62 /* Main.storyboard in Resources */ = {isa = PBXBuildFile; fileRef = AA72107F1E7D3E0E005C5E62 /* Main.storyboard */; };
		AA7210831E7D3E0E005C5E62 /* Assets.xcassets in Resources */ = {isa = PBXBuildFile; fileRef = AA7210821E7D3E0E005C5E62 /* Assets.xcassets */; };
		AA7210861E7D3E0E005C5E62 /* LaunchScreen.storyboard in Resources */ = {isa = PBXBuildFile; fileRef = AA7210841E7D3E0E005C5E62 /* LaunchScreen.storyboard */; };
		AA7210911E7D3E0E005C5E62 /* MusifyTests.swift in Sources */ = {isa = PBXBuildFile; fileRef = AA7210901E7D3E0E005C5E62 /* MusifyTests.swift */; };
		AAAFE84D1E82B7CB00FF6A81 /* MusUI.framework in Frameworks */ = {isa = PBXBuildFile; fileRef = AAAFE8481E82B7B100FF6A81 /* MusUI.framework */; };
		AAC82BEE1E9969F300ADD6DD /* MusUI.framework in Embed Frameworks */ = {isa = PBXBuildFile; fileRef = AAAFE8481E82B7B100FF6A81 /* MusUI.framework */; settings = {ATTRIBUTES = (CodeSignOnCopy, RemoveHeadersOnCopy, ); }; };
		AAC82BF31E996A0100ADD6DD /* MusToolkit.framework in Embed Frameworks */ = {isa = PBXBuildFile; fileRef = AA677E241E7D79CB00F7C680 /* MusToolkit.framework */; settings = {ATTRIBUTES = (CodeSignOnCopy, RemoveHeadersOnCopy, ); }; };
		AAC82BF71E996A0800ADD6DD /* MusServices.framework in Embed Frameworks */ = {isa = PBXBuildFile; fileRef = AA677E011E7D760D00F7C680 /* MusServices.framework */; settings = {ATTRIBUTES = (CodeSignOnCopy, RemoveHeadersOnCopy, ); }; };
		AAF335AA1E89306100F16942 /* Services.swift in Sources */ = {isa = PBXBuildFile; fileRef = AAF335A91E89306100F16942 /* Services.swift */; };
		AAF335AC1E893E9400F16942 /* TopArtistsRoute.swift in Sources */ = {isa = PBXBuildFile; fileRef = AAF335AB1E893E9400F16942 /* TopArtistsRoute.swift */; };
/* End PBXBuildFile section */

/* Begin PBXContainerItemProxy section */
		AA18773E1EE72F0D00FB5735 /* PBXContainerItemProxy */ = {
			isa = PBXContainerItemProxy;
			containerPortal = AA1877391EE72F0C00FB5735 /* FeatureTopArtists.xcodeproj */;
			proxyType = 2;
			remoteGlobalIDString = AA18771F1EE72F0C00FB5735;
			remoteInfo = FeatureTopArtists;
		};
		AA1877401EE72F0D00FB5735 /* PBXContainerItemProxy */ = {
			isa = PBXContainerItemProxy;
			containerPortal = AA1877391EE72F0C00FB5735 /* FeatureTopArtists.xcodeproj */;
			proxyType = 2;
			remoteGlobalIDString = AA1877281EE72F0C00FB5735;
			remoteInfo = FeatureTopArtistsTests;
		};
		AA1877561EE72FD300FB5735 /* PBXContainerItemProxy */ = {
			isa = PBXContainerItemProxy;
			containerPortal = AA1877391EE72F0C00FB5735 /* FeatureTopArtists.xcodeproj */;
			proxyType = 1;
			remoteGlobalIDString = AA18771E1EE72F0C00FB5735;
			remoteInfo = FeatureTopArtists;
		};
		AA18775A1EE72FE800FB5735 /* PBXContainerItemProxy */ = {
			isa = PBXContainerItemProxy;
			containerPortal = AA1877391EE72F0C00FB5735 /* FeatureTopArtists.xcodeproj */;
			proxyType = 1;
			remoteGlobalIDString = AA18771E1EE72F0C00FB5735;
			remoteInfo = FeatureTopArtists;
		};
		AA1877851EE7309E00FB5735 /* PBXContainerItemProxy */ = {
			isa = PBXContainerItemProxy;
			containerPortal = AA1877801EE7309D00FB5735 /* FeatureAlbums.xcodeproj */;
			proxyType = 2;
			remoteGlobalIDString = AA1877661EE7309D00FB5735;
			remoteInfo = FeatureAlbums;
		};
		AA1877871EE7309E00FB5735 /* PBXContainerItemProxy */ = {
			isa = PBXContainerItemProxy;
			containerPortal = AA1877801EE7309D00FB5735 /* FeatureAlbums.xcodeproj */;
			proxyType = 2;
			remoteGlobalIDString = AA18776F1EE7309D00FB5735;
			remoteInfo = FeatureAlbumsTests;
		};
		AA18778B1EE730E700FB5735 /* PBXContainerItemProxy */ = {
			isa = PBXContainerItemProxy;
			containerPortal = AA1877801EE7309D00FB5735 /* FeatureAlbums.xcodeproj */;
			proxyType = 1;
			remoteGlobalIDString = AA1877651EE7309D00FB5735;
			remoteInfo = FeatureAlbums;
		};
		AA677E001E7D760D00F7C680 /* PBXContainerItemProxy */ = {
			isa = PBXContainerItemProxy;
			containerPortal = AA677DFB1E7D760D00F7C680 /* MusServices.xcodeproj */;
			proxyType = 2;
			remoteGlobalIDString = AA7210D21E7D3E89005C5E62;
			remoteInfo = MusServices;
		};
		AA677E021E7D760D00F7C680 /* PBXContainerItemProxy */ = {
			isa = PBXContainerItemProxy;
			containerPortal = AA677DFB1E7D760D00F7C680 /* MusServices.xcodeproj */;
			proxyType = 2;
			remoteGlobalIDString = AA7210DB1E7D3E89005C5E62;
			remoteInfo = MusServicesTests;
		};
		AA677E041E7D761D00F7C680 /* PBXContainerItemProxy */ = {
			isa = PBXContainerItemProxy;
			containerPortal = AA677DFB1E7D760D00F7C680 /* MusServices.xcodeproj */;
			proxyType = 1;
			remoteGlobalIDString = AA7210D11E7D3E89005C5E62;
			remoteInfo = MusServices;
		};
		AA677E231E7D79CB00F7C680 /* PBXContainerItemProxy */ = {
			isa = PBXContainerItemProxy;
			containerPortal = AA677E1E1E7D79CA00F7C680 /* MusToolkit.xcodeproj */;
			proxyType = 2;
			remoteGlobalIDString = AA72115A1E7D4E92005C5E62;
			remoteInfo = MusToolkit;
		};
		AA677E251E7D79CB00F7C680 /* PBXContainerItemProxy */ = {
			isa = PBXContainerItemProxy;
			containerPortal = AA677E1E1E7D79CA00F7C680 /* MusToolkit.xcodeproj */;
			proxyType = 2;
			remoteGlobalIDString = AA7211631E7D4E92005C5E62;
			remoteInfo = MusToolkitTests;
		};
		AA677E281E7D79E400F7C680 /* PBXContainerItemProxy */ = {
			isa = PBXContainerItemProxy;
			containerPortal = AA677E1E1E7D79CA00F7C680 /* MusToolkit.xcodeproj */;
			proxyType = 1;
			remoteGlobalIDString = AA7211591E7D4E92005C5E62;
			remoteInfo = MusToolkit;
		};
		AA72108D1E7D3E0E005C5E62 /* PBXContainerItemProxy */ = {
			isa = PBXContainerItemProxy;
			containerPortal = AA7210701E7D3E0D005C5E62 /* Project object */;
			proxyType = 1;
			remoteGlobalIDString = AA7210771E7D3E0E005C5E62;
			remoteInfo = Musify;
		};
		AAAFE8471E82B7B100FF6A81 /* PBXContainerItemProxy */ = {
			isa = PBXContainerItemProxy;
			containerPortal = AAAFE8401E82B7B100FF6A81 /* MusUI.xcodeproj */;
			proxyType = 2;
			remoteGlobalIDString = AA72112C1E7D40EC005C5E62;
			remoteInfo = MusUI;
		};
		AAAFE8491E82B7B100FF6A81 /* PBXContainerItemProxy */ = {
			isa = PBXContainerItemProxy;
			containerPortal = AAAFE8401E82B7B100FF6A81 /* MusUI.xcodeproj */;
			proxyType = 2;
			remoteGlobalIDString = AA7211351E7D40EC005C5E62;
			remoteInfo = MusUITests;
		};
		AAAFE84B1E82B7C300FF6A81 /* PBXContainerItemProxy */ = {
			isa = PBXContainerItemProxy;
			containerPortal = AAAFE8401E82B7B100FF6A81 /* MusUI.xcodeproj */;
			proxyType = 1;
			remoteGlobalIDString = AA72112B1E7D40EC005C5E62;
			remoteInfo = MusUI;
		};
		AAC82BEF1E9969F300ADD6DD /* PBXContainerItemProxy */ = {
			isa = PBXContainerItemProxy;
			containerPortal = AAAFE8401E82B7B100FF6A81 /* MusUI.xcodeproj */;
			proxyType = 1;
			remoteGlobalIDString = AA72112B1E7D40EC005C5E62;
			remoteInfo = MusUI;
		};
		AAC82BF41E996A0100ADD6DD /* PBXContainerItemProxy */ = {
			isa = PBXContainerItemProxy;
			containerPortal = AA677E1E1E7D79CA00F7C680 /* MusToolkit.xcodeproj */;
			proxyType = 1;
			remoteGlobalIDString = AA7211591E7D4E92005C5E62;
			remoteInfo = MusToolkit;
		};
		AAC82BF81E996A0800ADD6DD /* PBXContainerItemProxy */ = {
			isa = PBXContainerItemProxy;
			containerPortal = AA677DFB1E7D760D00F7C680 /* MusServices.xcodeproj */;
			proxyType = 1;
			remoteGlobalIDString = AA7210D11E7D3E89005C5E62;
			remoteInfo = MusServices;
		};
/* End PBXContainerItemProxy section */

/* Begin PBXCopyFilesBuildPhase section */
		AAC82BF11E9969F400ADD6DD /* Embed Frameworks */ = {
			isa = PBXCopyFilesBuildPhase;
			buildActionMask = 2147483647;
			dstPath = "";
			dstSubfolderSpec = 10;
			files = (
				AA1877591EE72FE800FB5735 /* FeatureTopArtists.framework in Embed Frameworks */,
				AAC82BF71E996A0800ADD6DD /* MusServices.framework in Embed Frameworks */,
				AAC82BEE1E9969F300ADD6DD /* MusUI.framework in Embed Frameworks */,
				AA18778A1EE730E700FB5735 /* FeatureAlbums.framework in Embed Frameworks */,
				AAC82BF31E996A0100ADD6DD /* MusToolkit.framework in Embed Frameworks */,
			);
			name = "Embed Frameworks";
			runOnlyForDeploymentPostprocessing = 0;
		};
/* End PBXCopyFilesBuildPhase section */

/* Begin PBXFileReference section */
		AA1239AF1EB74248001A7915 /* PlaylistsFlow.swift */ = {isa = PBXFileReference; fileEncoding = 4; lastKnownFileType = sourcecode.swift; path = PlaylistsFlow.swift; sourceTree = "<group>"; };
		AA1239B11EB74255001A7915 /* PlaylistsViewController.swift */ = {isa = PBXFileReference; fileEncoding = 4; lastKnownFileType = sourcecode.swift; path = PlaylistsViewController.swift; sourceTree = "<group>"; };
		AA1239B31EB74261001A7915 /* PlaylistsViewModel.swift */ = {isa = PBXFileReference; fileEncoding = 4; lastKnownFileType = sourcecode.swift; path = PlaylistsViewModel.swift; sourceTree = "<group>"; };
		AA1239B71EB74284001A7915 /* PlaylistPresentationItem.swift */ = {isa = PBXFileReference; fileEncoding = 4; lastKnownFileType = sourcecode.swift; path = PlaylistPresentationItem.swift; sourceTree = "<group>"; };
		AA1239B91EB7429A001A7915 /* PlaylistTableViewCell.swift */ = {isa = PBXFileReference; fileEncoding = 4; lastKnownFileType = sourcecode.swift; path = PlaylistTableViewCell.swift; sourceTree = "<group>"; };
		AA1239BB1EB74858001A7915 /* PlaylistsRoute.swift */ = {isa = PBXFileReference; fileEncoding = 4; lastKnownFileType = sourcecode.swift; path = PlaylistsRoute.swift; sourceTree = "<group>"; };
		AA1876E61EE72E1700FB5735 /* TopArtistsFeature.swift */ = {isa = PBXFileReference; fileEncoding = 4; lastKnownFileType = sourcecode.swift; path = TopArtistsFeature.swift; sourceTree = "<group>"; };
		AA1877391EE72F0C00FB5735 /* FeatureTopArtists.xcodeproj */ = {isa = PBXFileReference; lastKnownFileType = "wrapper.pb-project"; name = FeatureTopArtists.xcodeproj; path = FeatureTopArtists/FeatureTopArtists.xcodeproj; sourceTree = "<group>"; };
		AA1877801EE7309D00FB5735 /* FeatureAlbums.xcodeproj */ = {isa = PBXFileReference; lastKnownFileType = "wrapper.pb-project"; name = FeatureAlbums.xcodeproj; path = FeatureAlbums/FeatureAlbums.xcodeproj; sourceTree = "<group>"; };
		AA1877A11EE738A100FB5735 /* AlbumsFeature.swift */ = {isa = PBXFileReference; fileEncoding = 4; lastKnownFileType = sourcecode.swift; path = AlbumsFeature.swift; sourceTree = "<group>"; };
		AA4E286E1E8C13B200A2F9C0 /* NavigationServiceFactory.swift */ = {isa = PBXFileReference; fileEncoding = 4; lastKnownFileType = sourcecode.swift; path = NavigationServiceFactory.swift; sourceTree = "<group>"; };
		AA4E28711E8C25AC00A2F9C0 /* Navigation.swift */ = {isa = PBXFileReference; fileEncoding = 4; lastKnownFileType = sourcecode.swift; path = Navigation.swift; sourceTree = "<group>"; };
		AA4E28731E8C2A8F00A2F9C0 /* NavigationServiceType.swift */ = {isa = PBXFileReference; fileEncoding = 4; lastKnownFileType = sourcecode.swift; path = NavigationServiceType.swift; sourceTree = "<group>"; };
		AA677DF11E7D6FDC00F7C680 /* TopArtistsViewController.swift */ = {isa = PBXFileReference; fileEncoding = 4; lastKnownFileType = sourcecode.swift; path = TopArtistsViewController.swift; sourceTree = "<group>"; };
		AA677DF31E7D706300F7C680 /* TopArtistTableViewCell.swift */ = {isa = PBXFileReference; fileEncoding = 4; lastKnownFileType = sourcecode.swift; path = TopArtistTableViewCell.swift; sourceTree = "<group>"; };
		AA677DF51E7D707C00F7C680 /* TopArtistsViewModel.swift */ = {isa = PBXFileReference; fileEncoding = 4; lastKnownFileType = sourcecode.swift; path = TopArtistsViewModel.swift; sourceTree = "<group>"; };
		AA677DF71E7D709C00F7C680 /* TopArtistsFlow.swift */ = {isa = PBXFileReference; fileEncoding = 4; lastKnownFileType = sourcecode.swift; path = TopArtistsFlow.swift; sourceTree = "<group>"; };
		AA677DF91E7D75B000F7C680 /* TopArtistPresentationItem.swift */ = {isa = PBXFileReference; fileEncoding = 4; lastKnownFileType = sourcecode.swift; path = TopArtistPresentationItem.swift; sourceTree = "<group>"; };
		AA677DFB1E7D760D00F7C680 /* MusServices.xcodeproj */ = {isa = PBXFileReference; lastKnownFileType = "wrapper.pb-project"; name = MusServices.xcodeproj; path = ../MusServices/MusServices.xcodeproj; sourceTree = "<group>"; };
		AA677E1E1E7D79CA00F7C680 /* MusToolkit.xcodeproj */ = {isa = PBXFileReference; lastKnownFileType = "wrapper.pb-project"; name = MusToolkit.xcodeproj; path = ../MusToolkit/MusToolkit.xcodeproj; sourceTree = "<group>"; };
		AA677E3E1E7D8C3800F7C680 /* AlbumsFlow.swift */ = {isa = PBXFileReference; fileEncoding = 4; lastKnownFileType = sourcecode.swift; path = AlbumsFlow.swift; sourceTree = "<group>"; };
		AA677E401E7D8C8900F7C680 /* AlbumsViewModel.swift */ = {isa = PBXFileReference; fileEncoding = 4; lastKnownFileType = sourcecode.swift; path = AlbumsViewModel.swift; sourceTree = "<group>"; };
		AA677E421E7D8CA900F7C680 /* AlbumsViewController.swift */ = {isa = PBXFileReference; fileEncoding = 4; lastKnownFileType = sourcecode.swift; path = AlbumsViewController.swift; sourceTree = "<group>"; };
		AA677E441E7D8CCC00F7C680 /* AlbumTableViewCell.swift */ = {isa = PBXFileReference; fileEncoding = 4; lastKnownFileType = sourcecode.swift; path = AlbumTableViewCell.swift; sourceTree = "<group>"; };
		AA677E461E7D8CDD00F7C680 /* AlbumPresentationItem.swift */ = {isa = PBXFileReference; fileEncoding = 4; lastKnownFileType = sourcecode.swift; path = AlbumPresentationItem.swift; sourceTree = "<group>"; };
		AA677E481E7D929100F7C680 /* SongsFlow.swift */ = {isa = PBXFileReference; fileEncoding = 4; lastKnownFileType = sourcecode.swift; path = SongsFlow.swift; sourceTree = "<group>"; };
		AA677E4A1E7D935300F7C680 /* SongsViewController.swift */ = {isa = PBXFileReference; fileEncoding = 4; lastKnownFileType = sourcecode.swift; path = SongsViewController.swift; sourceTree = "<group>"; };
		AA677E4C1E7D935F00F7C680 /* SongsViewModel.swift */ = {isa = PBXFileReference; fileEncoding = 4; lastKnownFileType = sourcecode.swift; path = SongsViewModel.swift; sourceTree = "<group>"; };
		AA677E4E1E7D937000F7C680 /* SongTableViewCell.swift */ = {isa = PBXFileReference; fileEncoding = 4; lastKnownFileType = sourcecode.swift; path = SongTableViewCell.swift; sourceTree = "<group>"; };
		AA677E501E7D937B00F7C680 /* SongPresentationItem.swift */ = {isa = PBXFileReference; fileEncoding = 4; lastKnownFileType = sourcecode.swift; path = SongPresentationItem.swift; sourceTree = "<group>"; };
		AA7167F31E843747009C9F93 /* NavigationService.swift */ = {isa = PBXFileReference; fileEncoding = 4; lastKnownFileType = sourcecode.swift; path = NavigationService.swift; sourceTree = "<group>"; };
		AA7167F51E84395B009C9F93 /* AlbumsRoute.swift */ = {isa = PBXFileReference; fileEncoding = 4; lastKnownFileType = sourcecode.swift; path = AlbumsRoute.swift; sourceTree = "<group>"; };
		AA7167F71E84396A009C9F93 /* SongsRoute.swift */ = {isa = PBXFileReference; fileEncoding = 4; lastKnownFileType = sourcecode.swift; path = SongsRoute.swift; sourceTree = "<group>"; };
		AA7210781E7D3E0E005C5E62 /* Musify.app */ = {isa = PBXFileReference; explicitFileType = wrapper.application; includeInIndex = 0; path = Musify.app; sourceTree = BUILT_PRODUCTS_DIR; };
		AA72107B1E7D3E0E005C5E62 /* AppDelegate.swift */ = {isa = PBXFileReference; lastKnownFileType = sourcecode.swift; path = AppDelegate.swift; sourceTree = "<group>"; };
		AA7210801E7D3E0E005C5E62 /* Base */ = {isa = PBXFileReference; lastKnownFileType = file.storyboard; name = Base; path = Base.lproj/Main.storyboard; sourceTree = "<group>"; };
		AA7210821E7D3E0E005C5E62 /* Assets.xcassets */ = {isa = PBXFileReference; lastKnownFileType = folder.assetcatalog; path = Assets.xcassets; sourceTree = "<group>"; };
		AA7210851E7D3E0E005C5E62 /* Base */ = {isa = PBXFileReference; lastKnownFileType = file.storyboard; name = Base; path = Base.lproj/LaunchScreen.storyboard; sourceTree = "<group>"; };
		AA7210871E7D3E0E005C5E62 /* Info.plist */ = {isa = PBXFileReference; lastKnownFileType = text.plist.xml; path = Info.plist; sourceTree = "<group>"; };
		AA72108C1E7D3E0E005C5E62 /* MusifyTests.xctest */ = {isa = PBXFileReference; explicitFileType = wrapper.cfbundle; includeInIndex = 0; path = MusifyTests.xctest; sourceTree = BUILT_PRODUCTS_DIR; };
		AA7210901E7D3E0E005C5E62 /* MusifyTests.swift */ = {isa = PBXFileReference; lastKnownFileType = sourcecode.swift; path = MusifyTests.swift; sourceTree = "<group>"; };
		AA7210921E7D3E0E005C5E62 /* Info.plist */ = {isa = PBXFileReference; lastKnownFileType = text.plist.xml; path = Info.plist; sourceTree = "<group>"; };
		AAAFE8401E82B7B100FF6A81 /* MusUI.xcodeproj */ = {isa = PBXFileReference; lastKnownFileType = "wrapper.pb-project"; name = MusUI.xcodeproj; path = ../MusUI/MusUI.xcodeproj; sourceTree = "<group>"; };
		AAF335A91E89306100F16942 /* Services.swift */ = {isa = PBXFileReference; fileEncoding = 4; lastKnownFileType = sourcecode.swift; path = Services.swift; sourceTree = "<group>"; };
		AAF335AB1E893E9400F16942 /* TopArtistsRoute.swift */ = {isa = PBXFileReference; fileEncoding = 4; lastKnownFileType = sourcecode.swift; path = TopArtistsRoute.swift; sourceTree = "<group>"; };
/* End PBXFileReference section */

/* Begin PBXFrameworksBuildPhase section */
		AA7210751E7D3E0E005C5E62 /* Frameworks */ = {
			isa = PBXFrameworksBuildPhase;
			buildActionMask = 2147483647;
			files = (
				AA1877581EE72FE800FB5735 /* FeatureTopArtists.framework in Frameworks */,
				AAAFE84D1E82B7CB00FF6A81 /* MusUI.framework in Frameworks */,
				AA677E271E7D79DB00F7C680 /* MusToolkit.framework in Frameworks */,
				AA1877891EE730E700FB5735 /* FeatureAlbums.framework in Frameworks */,
				AA677E061E7D763B00F7C680 /* MusServices.framework in Frameworks */,
			);
			runOnlyForDeploymentPostprocessing = 0;
		};
		AA7210891E7D3E0E005C5E62 /* Frameworks */ = {
			isa = PBXFrameworksBuildPhase;
			buildActionMask = 2147483647;
			files = (
			);
			runOnlyForDeploymentPostprocessing = 0;
		};
/* End PBXFrameworksBuildPhase section */

/* Begin PBXGroup section */
		AA1239AB1EB7421F001A7915 /* Playlists */ = {
			isa = PBXGroup;
			children = (
				AA1239AF1EB74248001A7915 /* PlaylistsFlow.swift */,
				AA1239B11EB74255001A7915 /* PlaylistsViewController.swift */,
				AA1239B31EB74261001A7915 /* PlaylistsViewModel.swift */,
				AA1239B91EB7429A001A7915 /* PlaylistTableViewCell.swift */,
				AA1239B71EB74284001A7915 /* PlaylistPresentationItem.swift */,
			);
			path = Playlists;
			sourceTree = "<group>";
		};
		AA18773A1EE72F0C00FB5735 /* Products */ = {
			isa = PBXGroup;
			children = (
				AA18773F1EE72F0D00FB5735 /* FeatureTopArtists.framework */,
				AA1877411EE72F0D00FB5735 /* FeatureTopArtistsTests.xctest */,
			);
			name = Products;
			sourceTree = "<group>";
		};
		AA1877811EE7309D00FB5735 /* Products */ = {
			isa = PBXGroup;
			children = (
				AA1877861EE7309E00FB5735 /* FeatureAlbums.framework */,
				AA1877881EE7309E00FB5735 /* FeatureAlbumsTests.xctest */,
			);
			name = Products;
			sourceTree = "<group>";
		};
		AA4E28701E8C23AA00A2F9C0 /* Routes */ = {
			isa = PBXGroup;
			children = (
				AA1239BB1EB74858001A7915 /* PlaylistsRoute.swift */,
				AAF335AB1E893E9400F16942 /* TopArtistsRoute.swift */,
				AA7167F51E84395B009C9F93 /* AlbumsRoute.swift */,
				AA7167F71E84396A009C9F93 /* SongsRoute.swift */,
			);
			path = Routes;
			sourceTree = "<group>";
		};
		AA677DF01E7D6F9C00F7C680 /* TopArtists */ = {
			isa = PBXGroup;
			children = (
				AA677DF71E7D709C00F7C680 /* TopArtistsFlow.swift */,
				AA677DF11E7D6FDC00F7C680 /* TopArtistsViewController.swift */,
				AA677DF51E7D707C00F7C680 /* TopArtistsViewModel.swift */,
				AA677DF31E7D706300F7C680 /* TopArtistTableViewCell.swift */,
				AA677DF91E7D75B000F7C680 /* TopArtistPresentationItem.swift */,
			);
			path = TopArtists;
			sourceTree = "<group>";
		};
		AA677DFC1E7D760D00F7C680 /* Products */ = {
			isa = PBXGroup;
			children = (
				AA677E011E7D760D00F7C680 /* MusServices.framework */,
				AA677E031E7D760D00F7C680 /* MusServicesTests.xctest */,
			);
			name = Products;
			sourceTree = "<group>";
		};
		AA677E1F1E7D79CA00F7C680 /* Products */ = {
			isa = PBXGroup;
			children = (
				AA677E241E7D79CB00F7C680 /* MusToolkit.framework */,
				AA677E261E7D79CB00F7C680 /* MusToolkitTests.xctest */,
			);
			name = Products;
			sourceTree = "<group>";
		};
		AA677E3C1E7D8BCB00F7C680 /* Albums */ = {
			isa = PBXGroup;
			children = (
				AA677E3E1E7D8C3800F7C680 /* AlbumsFlow.swift */,
				AA677E421E7D8CA900F7C680 /* AlbumsViewController.swift */,
				AA677E401E7D8C8900F7C680 /* AlbumsViewModel.swift */,
				AA677E441E7D8CCC00F7C680 /* AlbumTableViewCell.swift */,
				AA677E461E7D8CDD00F7C680 /* AlbumPresentationItem.swift */,
			);
			path = Albums;
			sourceTree = "<group>";
		};
		AA677E3D1E7D8BD300F7C680 /* Songs */ = {
			isa = PBXGroup;
			children = (
				AA677E481E7D929100F7C680 /* SongsFlow.swift */,
				AA677E4A1E7D935300F7C680 /* SongsViewController.swift */,
				AA677E4C1E7D935F00F7C680 /* SongsViewModel.swift */,
				AA677E4E1E7D937000F7C680 /* SongTableViewCell.swift */,
				AA677E501E7D937B00F7C680 /* SongPresentationItem.swift */,
			);
			path = Songs;
			sourceTree = "<group>";
		};
		AA7167ED1E843687009C9F93 /* Navigation */ = {
			isa = PBXGroup;
			children = (
				AA4E28701E8C23AA00A2F9C0 /* Routes */,
				AA4E286E1E8C13B200A2F9C0 /* NavigationServiceFactory.swift */,
				AA4E28731E8C2A8F00A2F9C0 /* NavigationServiceType.swift */,
				AA7167F31E843747009C9F93 /* NavigationService.swift */,
				AA4E28711E8C25AC00A2F9C0 /* Navigation.swift */,
			);
			path = Navigation;
			sourceTree = "<group>";
		};
		AA72106F1E7D3E0D005C5E62 = {
			isa = PBXGroup;
			children = (
				AA1877391EE72F0C00FB5735 /* FeatureTopArtists.xcodeproj */,
				AA1877801EE7309D00FB5735 /* FeatureAlbums.xcodeproj */,
				AAAFE8401E82B7B100FF6A81 /* MusUI.xcodeproj */,
				AA677DFB1E7D760D00F7C680 /* MusServices.xcodeproj */,
				AA677E1E1E7D79CA00F7C680 /* MusToolkit.xcodeproj */,
				AA72107A1E7D3E0E005C5E62 /* Musify */,
				AA72108F1E7D3E0E005C5E62 /* MusifyTests */,
				AA7210791E7D3E0E005C5E62 /* Products */,
			);
			sourceTree = "<group>";
		};
		AA7210791E7D3E0E005C5E62 /* Products */ = {
			isa = PBXGroup;
			children = (
				AA7210781E7D3E0E005C5E62 /* Musify.app */,
				AA72108C1E7D3E0E005C5E62 /* MusifyTests.xctest */,
			);
			name = Products;
			sourceTree = "<group>";
		};
		AA72107A1E7D3E0E005C5E62 /* Musify */ = {
			isa = PBXGroup;
			children = (
				AAA37B151EE6EA2E00DB9C09 /* Features */,
				AAF335A51E89303000F16942 /* Services */,
				AA7167ED1E843687009C9F93 /* Navigation */,
				AA1239AB1EB7421F001A7915 /* Playlists */,
				AA677DF01E7D6F9C00F7C680 /* TopArtists */,
				AA677E3C1E7D8BCB00F7C680 /* Albums */,
				AA677E3D1E7D8BD300F7C680 /* Songs */,
				AA72107B1E7D3E0E005C5E62 /* AppDelegate.swift */,
				AA72107F1E7D3E0E005C5E62 /* Main.storyboard */,
				AA7210821E7D3E0E005C5E62 /* Assets.xcassets */,
				AA7210841E7D3E0E005C5E62 /* LaunchScreen.storyboard */,
				AA7210871E7D3E0E005C5E62 /* Info.plist */,
			);
			path = Musify;
			sourceTree = "<group>";
		};
		AA72108F1E7D3E0E005C5E62 /* MusifyTests */ = {
			isa = PBXGroup;
			children = (
				AA7210901E7D3E0E005C5E62 /* MusifyTests.swift */,
				AA7210921E7D3E0E005C5E62 /* Info.plist */,
			);
			path = MusifyTests;
			sourceTree = "<group>";
		};
		AAA37B151EE6EA2E00DB9C09 /* Features */ = {
			isa = PBXGroup;
			children = (
				AA1876E61EE72E1700FB5735 /* TopArtistsFeature.swift */,
				AA1877A11EE738A100FB5735 /* AlbumsFeature.swift */,
			);
			path = Features;
			sourceTree = "<group>";
		};
		AAAFE8411E82B7B100FF6A81 /* Products */ = {
			isa = PBXGroup;
			children = (
				AAAFE8481E82B7B100FF6A81 /* MusUI.framework */,
				AAAFE84A1E82B7B100FF6A81 /* MusUITests.xctest */,
			);
			name = Products;
			sourceTree = "<group>";
		};
		AAF335A51E89303000F16942 /* Services */ = {
			isa = PBXGroup;
			children = (
				AAF335A91E89306100F16942 /* Services.swift */,
			);
			path = Services;
			sourceTree = "<group>";
		};
/* End PBXGroup section */

/* Begin PBXNativeTarget section */
		AA7210771E7D3E0E005C5E62 /* Musify */ = {
			isa = PBXNativeTarget;
			buildConfigurationList = AA7210951E7D3E0E005C5E62 /* Build configuration list for PBXNativeTarget "Musify" */;
			buildPhases = (
				AA7210741E7D3E0E005C5E62 /* Sources */,
				AA7210751E7D3E0E005C5E62 /* Frameworks */,
				AA7210761E7D3E0E005C5E62 /* Resources */,
				AA7211461E7D4CA7005C5E62 /* Carthage */,
				AAC82BF11E9969F400ADD6DD /* Embed Frameworks */,
			);
			buildRules = (
			);
			dependencies = (
				AAAFE84C1E82B7C300FF6A81 /* PBXTargetDependency */,
				AA677E291E7D79E400F7C680 /* PBXTargetDependency */,
				AA677E051E7D761D00F7C680 /* PBXTargetDependency */,
				AA1877571EE72FD300FB5735 /* PBXTargetDependency */,
				AAC82BF01E9969F300ADD6DD /* PBXTargetDependency */,
				AAC82BF51E996A0100ADD6DD /* PBXTargetDependency */,
				AAC82BF91E996A0800ADD6DD /* PBXTargetDependency */,
				AA18775B1EE72FE800FB5735 /* PBXTargetDependency */,
				AA18778C1EE730E700FB5735 /* PBXTargetDependency */,
			);
			name = Musify;
			productName = Musify;
			productReference = AA7210781E7D3E0E005C5E62 /* Musify.app */;
			productType = "com.apple.product-type.application";
		};
		AA72108B1E7D3E0E005C5E62 /* MusifyTests */ = {
			isa = PBXNativeTarget;
			buildConfigurationList = AA7210981E7D3E0E005C5E62 /* Build configuration list for PBXNativeTarget "MusifyTests" */;
			buildPhases = (
				AA7210881E7D3E0E005C5E62 /* Sources */,
				AA7210891E7D3E0E005C5E62 /* Frameworks */,
				AA72108A1E7D3E0E005C5E62 /* Resources */,
			);
			buildRules = (
			);
			dependencies = (
				AA72108E1E7D3E0E005C5E62 /* PBXTargetDependency */,
			);
			name = MusifyTests;
			productName = MusifyTests;
			productReference = AA72108C1E7D3E0E005C5E62 /* MusifyTests.xctest */;
			productType = "com.apple.product-type.bundle.unit-test";
		};
/* End PBXNativeTarget section */

/* Begin PBXProject section */
		AA7210701E7D3E0D005C5E62 /* Project object */ = {
			isa = PBXProject;
			attributes = {
				LastSwiftUpdateCheck = 0820;
				LastUpgradeCheck = 0820;
				ORGANIZATIONNAME = "Joachim Kret";
				TargetAttributes = {
					AA7210771E7D3E0E005C5E62 = {
						CreatedOnToolsVersion = 8.2.1;
						DevelopmentTeam = V95WUH8886;
						ProvisioningStyle = Automatic;
					};
					AA72108B1E7D3E0E005C5E62 = {
						CreatedOnToolsVersion = 8.2.1;
						ProvisioningStyle = Automatic;
						TestTargetID = AA7210771E7D3E0E005C5E62;
					};
				};
			};
			buildConfigurationList = AA7210731E7D3E0D005C5E62 /* Build configuration list for PBXProject "Musify" */;
			compatibilityVersion = "Xcode 3.2";
			developmentRegion = English;
			hasScannedForEncodings = 0;
			knownRegions = (
				en,
				Base,
			);
			mainGroup = AA72106F1E7D3E0D005C5E62;
			productRefGroup = AA7210791E7D3E0E005C5E62 /* Products */;
			projectDirPath = "";
			projectReferences = (
				{
					ProductGroup = AA1877811EE7309D00FB5735 /* Products */;
					ProjectRef = AA1877801EE7309D00FB5735 /* FeatureAlbums.xcodeproj */;
				},
				{
					ProductGroup = AA18773A1EE72F0C00FB5735 /* Products */;
					ProjectRef = AA1877391EE72F0C00FB5735 /* FeatureTopArtists.xcodeproj */;
				},
				{
					ProductGroup = AA677DFC1E7D760D00F7C680 /* Products */;
					ProjectRef = AA677DFB1E7D760D00F7C680 /* MusServices.xcodeproj */;
				},
				{
					ProductGroup = AA677E1F1E7D79CA00F7C680 /* Products */;
					ProjectRef = AA677E1E1E7D79CA00F7C680 /* MusToolkit.xcodeproj */;
				},
				{
					ProductGroup = AAAFE8411E82B7B100FF6A81 /* Products */;
					ProjectRef = AAAFE8401E82B7B100FF6A81 /* MusUI.xcodeproj */;
				},
			);
			projectRoot = "";
			targets = (
				AA7210771E7D3E0E005C5E62 /* Musify */,
				AA72108B1E7D3E0E005C5E62 /* MusifyTests */,
			);
		};
/* End PBXProject section */

/* Begin PBXReferenceProxy section */
		AA18773F1EE72F0D00FB5735 /* FeatureTopArtists.framework */ = {
			isa = PBXReferenceProxy;
			fileType = wrapper.framework;
			path = FeatureTopArtists.framework;
			remoteRef = AA18773E1EE72F0D00FB5735 /* PBXContainerItemProxy */;
			sourceTree = BUILT_PRODUCTS_DIR;
		};
		AA1877411EE72F0D00FB5735 /* FeatureTopArtistsTests.xctest */ = {
			isa = PBXReferenceProxy;
			fileType = wrapper.cfbundle;
			path = FeatureTopArtistsTests.xctest;
			remoteRef = AA1877401EE72F0D00FB5735 /* PBXContainerItemProxy */;
			sourceTree = BUILT_PRODUCTS_DIR;
		};
		AA1877861EE7309E00FB5735 /* FeatureAlbums.framework */ = {
			isa = PBXReferenceProxy;
			fileType = wrapper.framework;
			path = FeatureAlbums.framework;
			remoteRef = AA1877851EE7309E00FB5735 /* PBXContainerItemProxy */;
			sourceTree = BUILT_PRODUCTS_DIR;
		};
		AA1877881EE7309E00FB5735 /* FeatureAlbumsTests.xctest */ = {
			isa = PBXReferenceProxy;
			fileType = wrapper.cfbundle;
			path = FeatureAlbumsTests.xctest;
			remoteRef = AA1877871EE7309E00FB5735 /* PBXContainerItemProxy */;
			sourceTree = BUILT_PRODUCTS_DIR;
		};
		AA677E011E7D760D00F7C680 /* MusServices.framework */ = {
			isa = PBXReferenceProxy;
			fileType = wrapper.framework;
			path = MusServices.framework;
			remoteRef = AA677E001E7D760D00F7C680 /* PBXContainerItemProxy */;
			sourceTree = BUILT_PRODUCTS_DIR;
		};
		AA677E031E7D760D00F7C680 /* MusServicesTests.xctest */ = {
			isa = PBXReferenceProxy;
			fileType = wrapper.cfbundle;
			path = MusServicesTests.xctest;
			remoteRef = AA677E021E7D760D00F7C680 /* PBXContainerItemProxy */;
			sourceTree = BUILT_PRODUCTS_DIR;
		};
		AA677E241E7D79CB00F7C680 /* MusToolkit.framework */ = {
			isa = PBXReferenceProxy;
			fileType = wrapper.framework;
			path = MusToolkit.framework;
			remoteRef = AA677E231E7D79CB00F7C680 /* PBXContainerItemProxy */;
			sourceTree = BUILT_PRODUCTS_DIR;
		};
		AA677E261E7D79CB00F7C680 /* MusToolkitTests.xctest */ = {
			isa = PBXReferenceProxy;
			fileType = wrapper.cfbundle;
			path = MusToolkitTests.xctest;
			remoteRef = AA677E251E7D79CB00F7C680 /* PBXContainerItemProxy */;
			sourceTree = BUILT_PRODUCTS_DIR;
		};
		AAAFE8481E82B7B100FF6A81 /* MusUI.framework */ = {
			isa = PBXReferenceProxy;
			fileType = wrapper.framework;
			path = MusUI.framework;
			remoteRef = AAAFE8471E82B7B100FF6A81 /* PBXContainerItemProxy */;
			sourceTree = BUILT_PRODUCTS_DIR;
		};
		AAAFE84A1E82B7B100FF6A81 /* MusUITests.xctest */ = {
			isa = PBXReferenceProxy;
			fileType = wrapper.cfbundle;
			path = MusUITests.xctest;
			remoteRef = AAAFE8491E82B7B100FF6A81 /* PBXContainerItemProxy */;
			sourceTree = BUILT_PRODUCTS_DIR;
		};
/* End PBXReferenceProxy section */

/* Begin PBXResourcesBuildPhase section */
		AA7210761E7D3E0E005C5E62 /* Resources */ = {
			isa = PBXResourcesBuildPhase;
			buildActionMask = 2147483647;
			files = (
				AA7210861E7D3E0E005C5E62 /* LaunchScreen.storyboard in Resources */,
				AA7210831E7D3E0E005C5E62 /* Assets.xcassets in Resources */,
				AA7210811E7D3E0E005C5E62 /* Main.storyboard in Resources */,
			);
			runOnlyForDeploymentPostprocessing = 0;
		};
		AA72108A1E7D3E0E005C5E62 /* Resources */ = {
			isa = PBXResourcesBuildPhase;
			buildActionMask = 2147483647;
			files = (
			);
			runOnlyForDeploymentPostprocessing = 0;
		};
/* End PBXResourcesBuildPhase section */

/* Begin PBXShellScriptBuildPhase section */
		AA7211461E7D4CA7005C5E62 /* Carthage */ = {
			isa = PBXShellScriptBuildPhase;
			buildActionMask = 2147483647;
			files = (
			);
			inputPaths = (
				"$(SRCROOT)/../Carthage/Build/iOS/RxSwift.framework",
				"$(SRCROOT)/../Carthage/Build/iOS/RxCocoa.framework",
				"$(SRCROOT)/../Carthage/Build/iOS/Result.framework",
				"$(SRCROOT)/../Carthage/Build/iOS/Reusable.framework",
			);
			name = Carthage;
			outputPaths = (
			);
			runOnlyForDeploymentPostprocessing = 0;
			shellPath = /bin/sh;
			shellScript = "/usr/local/bin/carthage copy-frameworks";
		};
/* End PBXShellScriptBuildPhase section */

/* Begin PBXSourcesBuildPhase section */
		AA7210741E7D3E0E005C5E62 /* Sources */ = {
			isa = PBXSourcesBuildPhase;
			buildActionMask = 2147483647;
			files = (
				AA677E411E7D8C8900F7C680 /* AlbumsViewModel.swift in Sources */,
				AA7167F41E843747009C9F93 /* NavigationService.swift in Sources */,
				AA1239B81EB74284001A7915 /* PlaylistPresentationItem.swift in Sources */,
				AA677DF81E7D709D00F7C680 /* TopArtistsFlow.swift in Sources */,
				AA677E471E7D8CDD00F7C680 /* AlbumPresentationItem.swift in Sources */,
				AA4E286F1E8C13B200A2F9C0 /* NavigationServiceFactory.swift in Sources */,
				AA1239BA1EB7429A001A7915 /* PlaylistTableViewCell.swift in Sources */,
				AA1239B41EB74261001A7915 /* PlaylistsViewModel.swift in Sources */,
				AA677E431E7D8CA900F7C680 /* AlbumsViewController.swift in Sources */,
				AAF335AA1E89306100F16942 /* Services.swift in Sources */,
				AA677E3F1E7D8C3800F7C680 /* AlbumsFlow.swift in Sources */,
				AA677DFA1E7D75B000F7C680 /* TopArtistPresentationItem.swift in Sources */,
				AA677E451E7D8CCC00F7C680 /* AlbumTableViewCell.swift in Sources */,
				AA677E511E7D937B00F7C680 /* SongPresentationItem.swift in Sources */,
				AA677DF61E7D707C00F7C680 /* TopArtistsViewModel.swift in Sources */,
				AA1239BC1EB74858001A7915 /* PlaylistsRoute.swift in Sources */,
				AA1876E71EE72E1700FB5735 /* TopArtistsFeature.swift in Sources */,
				AA677E491E7D929100F7C680 /* SongsFlow.swift in Sources */,
				AA677E4D1E7D935F00F7C680 /* SongsViewModel.swift in Sources */,
				AA1239B01EB74248001A7915 /* PlaylistsFlow.swift in Sources */,
				AA677DF41E7D706300F7C680 /* TopArtistTableViewCell.swift in Sources */,
				AA7167F61E84395B009C9F93 /* AlbumsRoute.swift in Sources */,
				AA677DF21E7D6FDC00F7C680 /* TopArtistsViewController.swift in Sources */,
				AA1239B21EB74255001A7915 /* PlaylistsViewController.swift in Sources */,
				AA4E28741E8C2A8F00A2F9C0 /* NavigationServiceType.swift in Sources */,
				AA4E28721E8C25AC00A2F9C0 /* Navigation.swift in Sources */,
				AA677E4F1E7D937000F7C680 /* SongTableViewCell.swift in Sources */,
				AA72107C1E7D3E0E005C5E62 /* AppDelegate.swift in Sources */,
				AA677E4B1E7D935300F7C680 /* SongsViewController.swift in Sources */,
				AAF335AC1E893E9400F16942 /* TopArtistsRoute.swift in Sources */,
				AA1877A21EE738A100FB5735 /* AlbumsFeature.swift in Sources */,
				AA7167F81E84396A009C9F93 /* SongsRoute.swift in Sources */,
			);
			runOnlyForDeploymentPostprocessing = 0;
		};
		AA7210881E7D3E0E005C5E62 /* Sources */ = {
			isa = PBXSourcesBuildPhase;
			buildActionMask = 2147483647;
			files = (
				AA7210911E7D3E0E005C5E62 /* MusifyTests.swift in Sources */,
			);
			runOnlyForDeploymentPostprocessing = 0;
		};
/* End PBXSourcesBuildPhase section */

/* Begin PBXTargetDependency section */
		AA1877571EE72FD300FB5735 /* PBXTargetDependency */ = {
			isa = PBXTargetDependency;
			name = FeatureTopArtists;
			targetProxy = AA1877561EE72FD300FB5735 /* PBXContainerItemProxy */;
		};
		AA18775B1EE72FE800FB5735 /* PBXTargetDependency */ = {
			isa = PBXTargetDependency;
			name = FeatureTopArtists;
			targetProxy = AA18775A1EE72FE800FB5735 /* PBXContainerItemProxy */;
		};
		AA18778C1EE730E700FB5735 /* PBXTargetDependency */ = {
			isa = PBXTargetDependency;
			name = FeatureAlbums;
			targetProxy = AA18778B1EE730E700FB5735 /* PBXContainerItemProxy */;
		};
		AA677E051E7D761D00F7C680 /* PBXTargetDependency */ = {
			isa = PBXTargetDependency;
			name = MusServices;
			targetProxy = AA677E041E7D761D00F7C680 /* PBXContainerItemProxy */;
		};
		AA677E291E7D79E400F7C680 /* PBXTargetDependency */ = {
			isa = PBXTargetDependency;
			name = MusToolkit;
			targetProxy = AA677E281E7D79E400F7C680 /* PBXContainerItemProxy */;
		};
		AA72108E1E7D3E0E005C5E62 /* PBXTargetDependency */ = {
			isa = PBXTargetDependency;
			target = AA7210771E7D3E0E005C5E62 /* Musify */;
			targetProxy = AA72108D1E7D3E0E005C5E62 /* PBXContainerItemProxy */;
		};
		AAAFE84C1E82B7C300FF6A81 /* PBXTargetDependency */ = {
			isa = PBXTargetDependency;
			name = MusUI;
			targetProxy = AAAFE84B1E82B7C300FF6A81 /* PBXContainerItemProxy */;
		};
		AAC82BF01E9969F300ADD6DD /* PBXTargetDependency */ = {
			isa = PBXTargetDependency;
			name = MusUI;
			targetProxy = AAC82BEF1E9969F300ADD6DD /* PBXContainerItemProxy */;
		};
		AAC82BF51E996A0100ADD6DD /* PBXTargetDependency */ = {
			isa = PBXTargetDependency;
			name = MusToolkit;
			targetProxy = AAC82BF41E996A0100ADD6DD /* PBXContainerItemProxy */;
		};
		AAC82BF91E996A0800ADD6DD /* PBXTargetDependency */ = {
			isa = PBXTargetDependency;
			name = MusServices;
			targetProxy = AAC82BF81E996A0800ADD6DD /* PBXContainerItemProxy */;
		};
/* End PBXTargetDependency section */

/* Begin PBXVariantGroup section */
		AA72107F1E7D3E0E005C5E62 /* Main.storyboard */ = {
			isa = PBXVariantGroup;
			children = (
				AA7210801E7D3E0E005C5E62 /* Base */,
			);
			name = Main.storyboard;
			sourceTree = "<group>";
		};
		AA7210841E7D3E0E005C5E62 /* LaunchScreen.storyboard */ = {
			isa = PBXVariantGroup;
			children = (
				AA7210851E7D3E0E005C5E62 /* Base */,
			);
			name = LaunchScreen.storyboard;
			sourceTree = "<group>";
		};
/* End PBXVariantGroup section */

/* Begin XCBuildConfiguration section */
		AA7210931E7D3E0E005C5E62 /* Debug */ = {
			isa = XCBuildConfiguration;
			buildSettings = {
				ALWAYS_SEARCH_USER_PATHS = NO;
				CLANG_ANALYZER_NONNULL = YES;
				CLANG_CXX_LANGUAGE_STANDARD = "gnu++0x";
				CLANG_CXX_LIBRARY = "libc++";
				CLANG_ENABLE_MODULES = YES;
				CLANG_ENABLE_OBJC_ARC = YES;
				CLANG_WARN_BOOL_CONVERSION = YES;
				CLANG_WARN_CONSTANT_CONVERSION = YES;
				CLANG_WARN_DIRECT_OBJC_ISA_USAGE = YES_ERROR;
				CLANG_WARN_DOCUMENTATION_COMMENTS = YES;
				CLANG_WARN_EMPTY_BODY = YES;
				CLANG_WARN_ENUM_CONVERSION = YES;
				CLANG_WARN_INFINITE_RECURSION = YES;
				CLANG_WARN_INT_CONVERSION = YES;
				CLANG_WARN_OBJC_ROOT_CLASS = YES_ERROR;
				CLANG_WARN_SUSPICIOUS_MOVE = YES;
				CLANG_WARN_UNREACHABLE_CODE = YES;
				CLANG_WARN__DUPLICATE_METHOD_MATCH = YES;
				"CODE_SIGN_IDENTITY[sdk=iphoneos*]" = "iPhone Developer";
				COPY_PHASE_STRIP = NO;
				DEBUG_INFORMATION_FORMAT = dwarf;
				ENABLE_STRICT_OBJC_MSGSEND = YES;
				ENABLE_TESTABILITY = YES;
				FRAMEWORK_SEARCH_PATHS = "\"$(SRCROOT)/../Carthage/Build/iOS\"";
				GCC_C_LANGUAGE_STANDARD = gnu99;
				GCC_DYNAMIC_NO_PIC = NO;
				GCC_NO_COMMON_BLOCKS = YES;
				GCC_OPTIMIZATION_LEVEL = 0;
				GCC_PREPROCESSOR_DEFINITIONS = (
					"DEBUG=1",
					"$(inherited)",
				);
				GCC_WARN_64_TO_32_BIT_CONVERSION = YES;
				GCC_WARN_ABOUT_RETURN_TYPE = YES_ERROR;
				GCC_WARN_UNDECLARED_SELECTOR = YES;
				GCC_WARN_UNINITIALIZED_AUTOS = YES_AGGRESSIVE;
				GCC_WARN_UNUSED_FUNCTION = YES;
				GCC_WARN_UNUSED_VARIABLE = YES;
				IPHONEOS_DEPLOYMENT_TARGET = 10.0;
				MTL_ENABLE_DEBUG_INFO = YES;
				ONLY_ACTIVE_ARCH = YES;
				SDKROOT = iphoneos;
				SWIFT_ACTIVE_COMPILATION_CONDITIONS = DEBUG;
				SWIFT_OPTIMIZATION_LEVEL = "-Onone";
				TARGETED_DEVICE_FAMILY = "1,2";
			};
			name = Debug;
		};
		AA7210941E7D3E0E005C5E62 /* Release */ = {
			isa = XCBuildConfiguration;
			buildSettings = {
				ALWAYS_SEARCH_USER_PATHS = NO;
				CLANG_ANALYZER_NONNULL = YES;
				CLANG_CXX_LANGUAGE_STANDARD = "gnu++0x";
				CLANG_CXX_LIBRARY = "libc++";
				CLANG_ENABLE_MODULES = YES;
				CLANG_ENABLE_OBJC_ARC = YES;
				CLANG_WARN_BOOL_CONVERSION = YES;
				CLANG_WARN_CONSTANT_CONVERSION = YES;
				CLANG_WARN_DIRECT_OBJC_ISA_USAGE = YES_ERROR;
				CLANG_WARN_DOCUMENTATION_COMMENTS = YES;
				CLANG_WARN_EMPTY_BODY = YES;
				CLANG_WARN_ENUM_CONVERSION = YES;
				CLANG_WARN_INFINITE_RECURSION = YES;
				CLANG_WARN_INT_CONVERSION = YES;
				CLANG_WARN_OBJC_ROOT_CLASS = YES_ERROR;
				CLANG_WARN_SUSPICIOUS_MOVE = YES;
				CLANG_WARN_UNREACHABLE_CODE = YES;
				CLANG_WARN__DUPLICATE_METHOD_MATCH = YES;
				"CODE_SIGN_IDENTITY[sdk=iphoneos*]" = "iPhone Developer";
				COPY_PHASE_STRIP = NO;
				DEBUG_INFORMATION_FORMAT = "dwarf-with-dsym";
				ENABLE_NS_ASSERTIONS = NO;
				ENABLE_STRICT_OBJC_MSGSEND = YES;
				FRAMEWORK_SEARCH_PATHS = "\"$(SRCROOT)/../Carthage/Build/iOS\"";
				GCC_C_LANGUAGE_STANDARD = gnu99;
				GCC_NO_COMMON_BLOCKS = YES;
				GCC_WARN_64_TO_32_BIT_CONVERSION = YES;
				GCC_WARN_ABOUT_RETURN_TYPE = YES_ERROR;
				GCC_WARN_UNDECLARED_SELECTOR = YES;
				GCC_WARN_UNINITIALIZED_AUTOS = YES_AGGRESSIVE;
				GCC_WARN_UNUSED_FUNCTION = YES;
				GCC_WARN_UNUSED_VARIABLE = YES;
				IPHONEOS_DEPLOYMENT_TARGET = 10.0;
				MTL_ENABLE_DEBUG_INFO = NO;
				SDKROOT = iphoneos;
				SWIFT_OPTIMIZATION_LEVEL = "-Owholemodule";
				TARGETED_DEVICE_FAMILY = "1,2";
				VALIDATE_PRODUCT = YES;
			};
			name = Release;
		};
		AA7210961E7D3E0E005C5E62 /* Debug */ = {
			isa = XCBuildConfiguration;
			buildSettings = {
				ALWAYS_EMBED_SWIFT_STANDARD_LIBRARIES = YES;
				ASSETCATALOG_COMPILER_APPICON_NAME = AppIcon;
				DEVELOPMENT_TEAM = V95WUH8886;
				INFOPLIST_FILE = Musify/Info.plist;
				LD_RUNPATH_SEARCH_PATHS = "$(inherited) @executable_path/Frameworks";
				PRODUCT_BUNDLE_IDENTIFIER = com.jk.Musify;
				PRODUCT_NAME = "$(TARGET_NAME)";
				SWIFT_VERSION = 3.0;
			};
			name = Debug;
		};
		AA7210971E7D3E0E005C5E62 /* Release */ = {
			isa = XCBuildConfiguration;
			buildSettings = {
				ALWAYS_EMBED_SWIFT_STANDARD_LIBRARIES = YES;
				ASSETCATALOG_COMPILER_APPICON_NAME = AppIcon;
				DEVELOPMENT_TEAM = V95WUH8886;
				INFOPLIST_FILE = Musify/Info.plist;
				LD_RUNPATH_SEARCH_PATHS = "$(inherited) @executable_path/Frameworks";
				PRODUCT_BUNDLE_IDENTIFIER = com.jk.Musify;
				PRODUCT_NAME = "$(TARGET_NAME)";
				SWIFT_VERSION = 3.0;
			};
			name = Release;
		};
		AA7210991E7D3E0E005C5E62 /* Debug */ = {
			isa = XCBuildConfiguration;
			buildSettings = {
				ALWAYS_EMBED_SWIFT_STANDARD_LIBRARIES = YES;
				BUNDLE_LOADER = "$(TEST_HOST)";
				INFOPLIST_FILE = MusifyTests/Info.plist;
				LD_RUNPATH_SEARCH_PATHS = "$(inherited) @executable_path/Frameworks @loader_path/Frameworks";
				PRODUCT_BUNDLE_IDENTIFIER = com.jk.MusifyTests;
				PRODUCT_NAME = "$(TARGET_NAME)";
				SWIFT_VERSION = 3.0;
				TEST_HOST = "$(BUILT_PRODUCTS_DIR)/Musify.app/Musify";
			};
			name = Debug;
		};
		AA72109A1E7D3E0E005C5E62 /* Release */ = {
			isa = XCBuildConfiguration;
			buildSettings = {
				ALWAYS_EMBED_SWIFT_STANDARD_LIBRARIES = YES;
				BUNDLE_LOADER = "$(TEST_HOST)";
				INFOPLIST_FILE = MusifyTests/Info.plist;
				LD_RUNPATH_SEARCH_PATHS = "$(inherited) @executable_path/Frameworks @loader_path/Frameworks";
				PRODUCT_BUNDLE_IDENTIFIER = com.jk.MusifyTests;
				PRODUCT_NAME = "$(TARGET_NAME)";
				SWIFT_VERSION = 3.0;
				TEST_HOST = "$(BUILT_PRODUCTS_DIR)/Musify.app/Musify";
			};
			name = Release;
		};
/* End XCBuildConfiguration section */

/* Begin XCConfigurationList section */
		AA7210731E7D3E0D005C5E62 /* Build configuration list for PBXProject "Musify" */ = {
			isa = XCConfigurationList;
			buildConfigurations = (
				AA7210931E7D3E0E005C5E62 /* Debug */,
				AA7210941E7D3E0E005C5E62 /* Release */,
			);
			defaultConfigurationIsVisible = 0;
			defaultConfigurationName = Release;
		};
		AA7210951E7D3E0E005C5E62 /* Build configuration list for PBXNativeTarget "Musify" */ = {
			isa = XCConfigurationList;
			buildConfigurations = (
				AA7210961E7D3E0E005C5E62 /* Debug */,
				AA7210971E7D3E0E005C5E62 /* Release */,
			);
			defaultConfigurationIsVisible = 0;
			defaultConfigurationName = Release;
		};
		AA7210981E7D3E0E005C5E62 /* Build configuration list for PBXNativeTarget "MusifyTests" */ = {
			isa = XCConfigurationList;
			buildConfigurations = (
				AA7210991E7D3E0E005C5E62 /* Debug */,
				AA72109A1E7D3E0E005C5E62 /* Release */,
			);
			defaultConfigurationIsVisible = 0;
			defaultConfigurationName = Release;
		};
/* End XCConfigurationList section */
	};
	rootObject = AA7210701E7D3E0D005C5E62 /* Project object */;
}
